<?xml version="1.0" encoding="UTF-8" standalone="yes" ?>
<CodeBlocks_project_file>
	<FileVersion major="1" minor="6" />
	<Project>
		<Option title="KellyLibrary (Linux)" />
		<Option pch_mode="2" />
		<Option compiler="gcc" />
		<Build>
			<Target title="Debug">
				<Option output="bin/Debug/Linux" prefix_auto="1" extension_auto="1" />
				<Option object_output="obj/Debug/" />
				<Option type="1" />
				<Option compiler="gcc" />
				<Compiler>
					<Add option="-Wall" />
					<Add option="-g" />
					<Add option="-fsanitize=address -fno-omit-frame-pointer" />
				</Compiler>
				<Linker>
					<Add option="-fsanitize=address" />
				</Linker>
			</Target>
			<Target title="Release">
				<Option output="bin/Release/Linux" prefix_auto="1" extension_auto="1" />
				<Option object_output="obj/Release/" />
				<Option type="1" />
				<Option compiler="gcc" />
				<Compiler>
					<Add option="-O2" />
				</Compiler>
				<Linker>
					<Add option="-s" />
				</Linker>
			</Target>
		</Build>
		<Compiler>
			<Add option="-std=c++11" />
			<Add option="-Wall" />
		</Compiler>
		<Unit filename="../include/CString.hpp" />
		<Unit filename="../include/Clock.hpp" />
		<Unit filename="../include/DataMap.hpp" />
		<Unit filename="../include/DateTime.hpp" />
		<Unit filename="../include/LoudMouth.hpp" />
		<Unit filename="../include/Math.hpp" />
		<Unit filename="../include/Network/Address32.hpp" />
		<Unit filename="../include/Network/Endpoint32.hpp" />
		<Unit filename="../include/Network/Endpoint32Query.hpp" />
		<Unit filename="../include/Network/TcpConnection.hpp" />
		<Unit filename="../include/Network/TcpListener.hpp" />
		<Unit filename="../include/Network/TcpSocket.hpp" />
		<Unit filename="../include/Rotation.hpp" />
		<Unit filename="../include/Stopwatch.hpp" />
		<Unit filename="../include/TimeSpan.hpp" />
		<Unit filename="../include/Tools.hpp" />
		<Unit filename="../include/View.hpp" />
		<Unit filename="../source/CString.cpp" />
		<Unit filename="../source/DateTime.cpp" />
		<Unit filename="../source/Endpoint32Query.cpp" />
		<Unit filename="../source/Linux/Clock.cpp" />
		<Unit filename="../source/LoudMouth.cpp" />
		<Unit filename="../source/Stopwatch.cpp" />
		<Unit filename="../source/TcpConnection.cpp" />
		<Unit filename="../source/TcpListener.cpp" />
		<Unit filename="../source/TcpSocket.cpp" />
		<Unit filename="../source/TimeSpan.cpp" />
		<Unit filename="../source/UNIX/Clock.cpp" />
		<Unit filename="../source/main.cpp" />
		<Extensions>
			<envvars />
			<code_completion />
			<lib_finder disable_auto="1" />
			<debugger />
		</Extensions>
	</Project>
</CodeBlocks_project_file>
